# THIS IS AN AUTOGENERATED FILE. DO NOT EDIT THIS FILE DIRECTLY.
# yarn lockfile v1


rxjs@6.4.0:
  version "6.4.0"
  resolved "https://registry.yarnpkg.com/rxjs/-/rxjs-6.4.0.tgz#f3bb0fe7bda7fb69deac0c16f17b50b0b8790504"
  dependencies:
    tslib "^1.9.0"

tslib@^1.9.0:
  version "1.9.3"
  resolved "https://registry.yarnpkg.com/tslib/-/tslib-1.9.3.tgz#d7e4dd79245d85428c4d7e4822a79917954ca286"
